
Microsoft Visual Studio Solution File, Format Version 12.00
# Visual Studio 15
VisualStudioVersion = 15.0.28307.572
MinimumVisualStudioVersion = 10.0.40219.1
Project("{FAE04EC0-301F-11D3-BF4B-00C04F79EFBC}") = "IniFile", "IniFile.csproj", "{C70615E8-4A5B-4FB9-959E-9A29424B5C7B}"
EndProject
Global
	GlobalSection(SolutionConfigurationPlatforms) = preSolution
		Debug|Any CPU = Debug|Any CPU
		Release|Any CPU = Release|Any CPU
	EndGlobalSection
	GlobalSection(ProjectConfigurationPlatforms) = postSolution
		{C70615E8-4A5B-4FB9-959E-9A29424B5C7B}.Debug|Any CPU.ActiveCfg = Debug|Any CPU
		{C70615E8-4A5B-4FB9-959E-9A29424B5C7B}.Debug|Any CPU.Build.0 = Debug|Any CPU
		{C70615E8-4A5B-4FB9-959E-9A29424B5C7B}.Release|Any CPU.ActiveCfg = Release|Any CPU
		{C70615E8-4A5B-4FB9-959E-9A29424B5C7B}.Release|Any CPU.Build.0 = Release|Any CPU
	EndGlobalSection
	GlobalSection(SolutionProperties) = preSolution
		HideSolutionNode = FALSE
	EndGlobalSection
	GlobalSection(ExtensibilityGlobals) = postSolution
		SolutionGuid = {B8161AEF-DEFC-4FFD-9C00-5695909BF743}
	EndGlobalSection
EndGlobal
